// !$*UTF8*$!
{
	archiveVersion = 1;
	classes = {
	};
	objectVersion = 48;
	objects = {

/* Begin PBXBuildFile section */
		52DEF39B338027F4C8C26C78 /* Pods_NumberPlace.framework in Frameworks */ = {isa = PBXBuildFile; fileRef = 00EE8FB41DA45439AA17BFDF /* Pods_NumberPlace.framework */; };
		5CC29575F1165246C2310F8B /* Pods_NumberPlaceUITests.framework in Frameworks */ = {isa = PBXBuildFile; fileRef = 8C5333641E7F4A3B9C4693B1 /* Pods_NumberPlaceUITests.framework */; };
		7005155680DF9C9C6ADBE0F8 /* Pods_NumberPlaceTests.framework in Frameworks */ = {isa = PBXBuildFile; fileRef = 2245E73AD1CF7F52C3F7ECAF /* Pods_NumberPlaceTests.framework */; };
		C31A72E61FC6CB7200D0BBC5 /* Momo.swift in Sources */ = {isa = PBXBuildFile; fileRef = C31A72E51FC6CB7200D0BBC5 /* Momo.swift */; };
		C31A72E91FC6D85C00D0BBC5 /* URLSessionFacade.swift in Sources */ = {isa = PBXBuildFile; fileRef = C31A72E81FC6D85C00D0BBC5 /* URLSessionFacade.swift */; };
		C31A72EB1FC6D8AC00D0BBC5 /* URLString.swift in Sources */ = {isa = PBXBuildFile; fileRef = C31A72EA1FC6D8AC00D0BBC5 /* URLString.swift */; };
		C31A72ED1FC6E90100D0BBC5 /* Nanpre.swift in Sources */ = {isa = PBXBuildFile; fileRef = C31A72EC1FC6E90100D0BBC5 /* Nanpre.swift */; };
		C32681641FB1EA4C00F6D81D /* AppDelegate.swift in Sources */ = {isa = PBXBuildFile; fileRef = C32681631FB1EA4C00F6D81D /* AppDelegate.swift */; };
		C32681661FB1EA4C00F6D81D /* MasterViewController.swift in Sources */ = {isa = PBXBuildFile; fileRef = C32681651FB1EA4C00F6D81D /* MasterViewController.swift */; };
		C32681681FB1EA4C00F6D81D /* DetailViewController.swift in Sources */ = {isa = PBXBuildFile; fileRef = C32681671FB1EA4C00F6D81D /* DetailViewController.swift */; };
		C326816B1FB1EA4C00F6D81D /* Main.storyboard in Resources */ = {isa = PBXBuildFile; fileRef = C32681691FB1EA4C00F6D81D /* Main.storyboard */; };
		C326816D1FB1EA4C00F6D81D /* Assets.xcassets in Resources */ = {isa = PBXBuildFile; fileRef = C326816C1FB1EA4C00F6D81D /* Assets.xcassets */; };
		C32681701FB1EA4C00F6D81D /* LaunchScreen.storyboard in Resources */ = {isa = PBXBuildFile; fileRef = C326816E1FB1EA4C00F6D81D /* LaunchScreen.storyboard */; };
		C326817B1FB1EA4C00F6D81D /* NumberPlaceTests.swift in Sources */ = {isa = PBXBuildFile; fileRef = C326817A1FB1EA4C00F6D81D /* NumberPlaceTests.swift */; };
		C32681861FB1EA4C00F6D81D /* NumberPlaceUITests.swift in Sources */ = {isa = PBXBuildFile; fileRef = C32681851FB1EA4C00F6D81D /* NumberPlaceUITests.swift */; };
		C32681951FB1F2B100F6D81D /* NumberCell.swift in Sources */ = {isa = PBXBuildFile; fileRef = C32681941FB1F2B100F6D81D /* NumberCell.swift */; };
		C33A11351FCAE3AE005C2A45 /* NanpreIndexCustomCell.swift in Sources */ = {isa = PBXBuildFile; fileRef = C33A11341FCAE3AE005C2A45 /* NanpreIndexCustomCell.swift */; };
/* End PBXBuildFile section */

/* Begin PBXContainerItemProxy section */
		C32681771FB1EA4C00F6D81D /* PBXContainerItemProxy */ = {
			isa = PBXContainerItemProxy;
			containerPortal = C32681581FB1EA4C00F6D81D /* Project object */;
			proxyType = 1;
			remoteGlobalIDString = C326815F1FB1EA4C00F6D81D;
			remoteInfo = NumberPlace;
		};
		C32681821FB1EA4C00F6D81D /* PBXContainerItemProxy */ = {
			isa = PBXContainerItemProxy;
			containerPortal = C32681581FB1EA4C00F6D81D /* Project object */;
			proxyType = 1;
			remoteGlobalIDString = C326815F1FB1EA4C00F6D81D;
			remoteInfo = NumberPlace;
		};
/* End PBXContainerItemProxy section */

/* Begin PBXFileReference section */
		00EE8FB41DA45439AA17BFDF /* Pods_NumberPlace.framework */ = {isa = PBXFileReference; explicitFileType = wrapper.framework; includeInIndex = 0; path = Pods_NumberPlace.framework; sourceTree = BUILT_PRODUCTS_DIR; };
		2245E73AD1CF7F52C3F7ECAF /* Pods_NumberPlaceTests.framework */ = {isa = PBXFileReference; explicitFileType = wrapper.framework; includeInIndex = 0; path = Pods_NumberPlaceTests.framework; sourceTree = BUILT_PRODUCTS_DIR; };
		396D5B658A96CD3E33D3B332 /* Pods-NumberPlaceUITests.release.xcconfig */ = {isa = PBXFileReference; includeInIndex = 1; lastKnownFileType = text.xcconfig; name = "Pods-NumberPlaceUITests.release.xcconfig"; path = "Pods/Target Support Files/Pods-NumberPlaceUITests/Pods-NumberPlaceUITests.release.xcconfig"; sourceTree = "<group>"; };
		3E3442EE1B54B5F8E495AC8C /* Pods-NumberPlaceTests.debug.xcconfig */ = {isa = PBXFileReference; includeInIndex = 1; lastKnownFileType = text.xcconfig; name = "Pods-NumberPlaceTests.debug.xcconfig"; path = "Pods/Target Support Files/Pods-NumberPlaceTests/Pods-NumberPlaceTests.debug.xcconfig"; sourceTree = "<group>"; };
		5296AE03E26B495FF6CFC7B1 /* Pods-NumberPlace.debug.xcconfig */ = {isa = PBXFileReference; includeInIndex = 1; lastKnownFileType = text.xcconfig; name = "Pods-NumberPlace.debug.xcconfig"; path = "Pods/Target Support Files/Pods-NumberPlace/Pods-NumberPlace.debug.xcconfig"; sourceTree = "<group>"; };
		834DBD6113BDE1401FBE0B33 /* Pods-NumberPlaceUITests.debug.xcconfig */ = {isa = PBXFileReference; includeInIndex = 1; lastKnownFileType = text.xcconfig; name = "Pods-NumberPlaceUITests.debug.xcconfig"; path = "Pods/Target Support Files/Pods-NumberPlaceUITests/Pods-NumberPlaceUITests.debug.xcconfig"; sourceTree = "<group>"; };
		8C5333641E7F4A3B9C4693B1 /* Pods_NumberPlaceUITests.framework */ = {isa = PBXFileReference; explicitFileType = wrapper.framework; includeInIndex = 0; path = Pods_NumberPlaceUITests.framework; sourceTree = BUILT_PRODUCTS_DIR; };
		A761A16015A983FD4EEF8188 /* Pods-NumberPlace.release.xcconfig */ = {isa = PBXFileReference; includeInIndex = 1; lastKnownFileType = text.xcconfig; name = "Pods-NumberPlace.release.xcconfig"; path = "Pods/Target Support Files/Pods-NumberPlace/Pods-NumberPlace.release.xcconfig"; sourceTree = "<group>"; };
		C31A72E51FC6CB7200D0BBC5 /* Momo.swift */ = {isa = PBXFileReference; lastKnownFileType = sourcecode.swift; path = Momo.swift; sourceTree = "<group>"; };
		C31A72E81FC6D85C00D0BBC5 /* URLSessionFacade.swift */ = {isa = PBXFileReference; lastKnownFileType = sourcecode.swift; path = URLSessionFacade.swift; sourceTree = "<group>"; };
		C31A72EA1FC6D8AC00D0BBC5 /* URLString.swift */ = {isa = PBXFileReference; lastKnownFileType = sourcecode.swift; path = URLString.swift; sourceTree = "<group>"; };
		C31A72EC1FC6E90100D0BBC5 /* Nanpre.swift */ = {isa = PBXFileReference; lastKnownFileType = sourcecode.swift; path = Nanpre.swift; sourceTree = "<group>"; };
		C32681601FB1EA4C00F6D81D /* NumberPlace.app */ = {isa = PBXFileReference; explicitFileType = wrapper.application; includeInIndex = 0; path = NumberPlace.app; sourceTree = BUILT_PRODUCTS_DIR; };
		C32681631FB1EA4C00F6D81D /* AppDelegate.swift */ = {isa = PBXFileReference; lastKnownFileType = sourcecode.swift; path = AppDelegate.swift; sourceTree = "<group>"; };
		C32681651FB1EA4C00F6D81D /* MasterViewController.swift */ = {isa = PBXFileReference; lastKnownFileType = sourcecode.swift; path = MasterViewController.swift; sourceTree = "<group>"; };
		C32681671FB1EA4C00F6D81D /* DetailViewController.swift */ = {isa = PBXFileReference; lastKnownFileType = sourcecode.swift; path = DetailViewController.swift; sourceTree = "<group>"; };
		C326816A1FB1EA4C00F6D81D /* Base */ = {isa = PBXFileReference; lastKnownFileType = file.storyboard; name = Base; path = Base.lproj/Main.storyboard; sourceTree = "<group>"; };
		C326816C1FB1EA4C00F6D81D /* Assets.xcassets */ = {isa = PBXFileReference; lastKnownFileType = folder.assetcatalog; path = Assets.xcassets; sourceTree = "<group>"; };
		C326816F1FB1EA4C00F6D81D /* Base */ = {isa = PBXFileReference; lastKnownFileType = file.storyboard; name = Base; path = Base.lproj/LaunchScreen.storyboard; sourceTree = "<group>"; };
		C32681711FB1EA4C00F6D81D /* Info.plist */ = {isa = PBXFileReference; lastKnownFileType = text.plist.xml; path = Info.plist; sourceTree = "<group>"; };
		C32681761FB1EA4C00F6D81D /* NumberPlaceTests.xctest */ = {isa = PBXFileReference; explicitFileType = wrapper.cfbundle; includeInIndex = 0; path = NumberPlaceTests.xctest; sourceTree = BUILT_PRODUCTS_DIR; };
		C326817A1FB1EA4C00F6D81D /* NumberPlaceTests.swift */ = {isa = PBXFileReference; lastKnownFileType = sourcecode.swift; path = NumberPlaceTests.swift; sourceTree = "<group>"; };
		C326817C1FB1EA4C00F6D81D /* Info.plist */ = {isa = PBXFileReference; lastKnownFileType = text.plist.xml; path = Info.plist; sourceTree = "<group>"; };
		C32681811FB1EA4C00F6D81D /* NumberPlaceUITests.xctest */ = {isa = PBXFileReference; explicitFileType = wrapper.cfbundle; includeInIndex = 0; path = NumberPlaceUITests.xctest; sourceTree = BUILT_PRODUCTS_DIR; };
		C32681851FB1EA4C00F6D81D /* NumberPlaceUITests.swift */ = {isa = PBXFileReference; lastKnownFileType = sourcecode.swift; path = NumberPlaceUITests.swift; sourceTree = "<group>"; };
		C32681871FB1EA4C00F6D81D /* Info.plist */ = {isa = PBXFileReference; lastKnownFileType = text.plist.xml; path = Info.plist; sourceTree = "<group>"; };
		C32681941FB1F2B100F6D81D /* NumberCell.swift */ = {isa = PBXFileReference; lastKnownFileType = sourcecode.swift; path = NumberCell.swift; sourceTree = "<group>"; };
		C33A11341FCAE3AE005C2A45 /* NanpreIndexCustomCell.swift */ = {isa = PBXFileReference; lastKnownFileType = sourcecode.swift; path = NanpreIndexCustomCell.swift; sourceTree = "<group>"; };
		FFE7238F8494E416AEE31056 /* Pods-NumberPlaceTests.release.xcconfig */ = {isa = PBXFileReference; includeInIndex = 1; lastKnownFileType = text.xcconfig; name = "Pods-NumberPlaceTests.release.xcconfig"; path = "Pods/Target Support Files/Pods-NumberPlaceTests/Pods-NumberPlaceTests.release.xcconfig"; sourceTree = "<group>"; };
/* End PBXFileReference section */

/* Begin PBXFrameworksBuildPhase section */
		C326815D1FB1EA4C00F6D81D /* Frameworks */ = {
			isa = PBXFrameworksBuildPhase;
			buildActionMask = 2147483647;
			files = (
				52DEF39B338027F4C8C26C78 /* Pods_NumberPlace.framework in Frameworks */,
			);
			runOnlyForDeploymentPostprocessing = 0;
		};
		C32681731FB1EA4C00F6D81D /* Frameworks */ = {
			isa = PBXFrameworksBuildPhase;
			buildActionMask = 2147483647;
			files = (
				7005155680DF9C9C6ADBE0F8 /* Pods_NumberPlaceTests.framework in Frameworks */,
			);
			runOnlyForDeploymentPostprocessing = 0;
		};
		C326817E1FB1EA4C00F6D81D /* Frameworks */ = {
			isa = PBXFrameworksBuildPhase;
			buildActionMask = 2147483647;
			files = (
				5CC29575F1165246C2310F8B /* Pods_NumberPlaceUITests.framework in Frameworks */,
			);
			runOnlyForDeploymentPostprocessing = 0;
		};
/* End PBXFrameworksBuildPhase section */

/* Begin PBXGroup section */
		A0D4592802C105FFA96D1731 /* Pods */ = {
			isa = PBXGroup;
			children = (
				5296AE03E26B495FF6CFC7B1 /* Pods-NumberPlace.debug.xcconfig */,
				A761A16015A983FD4EEF8188 /* Pods-NumberPlace.release.xcconfig */,
				3E3442EE1B54B5F8E495AC8C /* Pods-NumberPlaceTests.debug.xcconfig */,
				FFE7238F8494E416AEE31056 /* Pods-NumberPlaceTests.release.xcconfig */,
				834DBD6113BDE1401FBE0B33 /* Pods-NumberPlaceUITests.debug.xcconfig */,
				396D5B658A96CD3E33D3B332 /* Pods-NumberPlaceUITests.release.xcconfig */,
			);
			name = Pods;
			sourceTree = "<group>";
		};
		BB5E1890DC5E43CBB85AFE21 /* Frameworks */ = {
			isa = PBXGroup;
			children = (
				00EE8FB41DA45439AA17BFDF /* Pods_NumberPlace.framework */,
				2245E73AD1CF7F52C3F7ECAF /* Pods_NumberPlaceTests.framework */,
				8C5333641E7F4A3B9C4693B1 /* Pods_NumberPlaceUITests.framework */,
			);
			name = Frameworks;
			sourceTree = "<group>";
		};
		C31A72E41FC6CB4500D0BBC5 /* Model */ = {
			isa = PBXGroup;
			children = (
				C31A72E51FC6CB7200D0BBC5 /* Momo.swift */,
				C31A72EC1FC6E90100D0BBC5 /* Nanpre.swift */,
			);
			path = Model;
			sourceTree = "<group>";
		};
		C31A72E71FC6D81400D0BBC5 /* Biz */ = {
			isa = PBXGroup;
			children = (
				C31A72E81FC6D85C00D0BBC5 /* URLSessionFacade.swift */,
				C31A72EA1FC6D8AC00D0BBC5 /* URLString.swift */,
			);
			path = Biz;
			sourceTree = "<group>";
		};
		C32681571FB1EA4C00F6D81D = {
			isa = PBXGroup;
			children = (
				C32681621FB1EA4C00F6D81D /* NumberPlace */,
				C32681791FB1EA4C00F6D81D /* NumberPlaceTests */,
				C32681841FB1EA4C00F6D81D /* NumberPlaceUITests */,
				C32681611FB1EA4C00F6D81D /* Products */,
				A0D4592802C105FFA96D1731 /* Pods */,
				BB5E1890DC5E43CBB85AFE21 /* Frameworks */,
			);
			sourceTree = "<group>";
		};
		C32681611FB1EA4C00F6D81D /* Products */ = {
			isa = PBXGroup;
			children = (
				C32681601FB1EA4C00F6D81D /* NumberPlace.app */,
				C32681761FB1EA4C00F6D81D /* NumberPlaceTests.xctest */,
				C32681811FB1EA4C00F6D81D /* NumberPlaceUITests.xctest */,
			);
			name = Products;
			sourceTree = "<group>";
		};
		C32681621FB1EA4C00F6D81D /* NumberPlace */ = {
			isa = PBXGroup;
			children = (
				C31A72E71FC6D81400D0BBC5 /* Biz */,
				C31A72E41FC6CB4500D0BBC5 /* Model */,
				C32681931FB1F29900F6D81D /* UIClass */,
				C32681631FB1EA4C00F6D81D /* AppDelegate.swift */,
				C32681651FB1EA4C00F6D81D /* MasterViewController.swift */,
				C32681671FB1EA4C00F6D81D /* DetailViewController.swift */,
				C32681691FB1EA4C00F6D81D /* Main.storyboard */,
				C326816C1FB1EA4C00F6D81D /* Assets.xcassets */,
				C326816E1FB1EA4C00F6D81D /* LaunchScreen.storyboard */,
				C32681711FB1EA4C00F6D81D /* Info.plist */,
			);
			path = NumberPlace;
			sourceTree = "<group>";
		};
		C32681791FB1EA4C00F6D81D /* NumberPlaceTests */ = {
			isa = PBXGroup;
			children = (
				C326817A1FB1EA4C00F6D81D /* NumberPlaceTests.swift */,
				C326817C1FB1EA4C00F6D81D /* Info.plist */,
			);
			path = NumberPlaceTests;
			sourceTree = "<group>";
		};
		C32681841FB1EA4C00F6D81D /* NumberPlaceUITests */ = {
			isa = PBXGroup;
			children = (
				C32681851FB1EA4C00F6D81D /* NumberPlaceUITests.swift */,
				C32681871FB1EA4C00F6D81D /* Info.plist */,
			);
			path = NumberPlaceUITests;
			sourceTree = "<group>";
		};
		C32681931FB1F29900F6D81D /* UIClass */ = {
			isa = PBXGroup;
			children = (
				C32681941FB1F2B100F6D81D /* NumberCell.swift */,
				C33A11341FCAE3AE005C2A45 /* NanpreIndexCustomCell.swift */,
			);
			path = UIClass;
			sourceTree = "<group>";
		};
/* End PBXGroup section */

/* Begin PBXNativeTarget section */
		C326815F1FB1EA4C00F6D81D /* NumberPlace */ = {
			isa = PBXNativeTarget;
			buildConfigurationList = C326818A1FB1EA4C00F6D81D /* Build configuration list for PBXNativeTarget "NumberPlace" */;
			buildPhases = (
				14E184D52910D325578E182C /* [CP] Check Pods Manifest.lock */,
				C326815C1FB1EA4C00F6D81D /* Sources */,
				C326815D1FB1EA4C00F6D81D /* Frameworks */,
				C326815E1FB1EA4C00F6D81D /* Resources */,
				F6BA10E3322F897AC1A7DD49 /* [CP] Embed Pods Frameworks */,
				D38336A8C6290E1B4C23BA5F /* [CP] Copy Pods Resources */,
			);
			buildRules = (
			);
			dependencies = (
			);
			name = NumberPlace;
			productName = NumberPlace;
			productReference = C32681601FB1EA4C00F6D81D /* NumberPlace.app */;
			productType = "com.apple.product-type.application";
		};
		C32681751FB1EA4C00F6D81D /* NumberPlaceTests */ = {
			isa = PBXNativeTarget;
			buildConfigurationList = C326818D1FB1EA4C00F6D81D /* Build configuration list for PBXNativeTarget "NumberPlaceTests" */;
			buildPhases = (
				4B54139EAC39DD8511B9D58B /* [CP] Check Pods Manifest.lock */,
				C32681721FB1EA4C00F6D81D /* Sources */,
				C32681731FB1EA4C00F6D81D /* Frameworks */,
				C32681741FB1EA4C00F6D81D /* Resources */,
				916FD5585C696492045C37C3 /* [CP] Embed Pods Frameworks */,
				9D6735DDFB73E4CE8E257761 /* [CP] Copy Pods Resources */,
			);
			buildRules = (
			);
			dependencies = (
				C32681781FB1EA4C00F6D81D /* PBXTargetDependency */,
			);
			name = NumberPlaceTests;
			productName = NumberPlaceTests;
			productReference = C32681761FB1EA4C00F6D81D /* NumberPlaceTests.xctest */;
			productType = "com.apple.product-type.bundle.unit-test";
		};
		C32681801FB1EA4C00F6D81D /* NumberPlaceUITests */ = {
			isa = PBXNativeTarget;
			buildConfigurationList = C32681901FB1EA4C00F6D81D /* Build configuration list for PBXNativeTarget "NumberPlaceUITests" */;
			buildPhases = (
				FDADCEE233C8A64BC4F132DA /* [CP] Check Pods Manifest.lock */,
				C326817D1FB1EA4C00F6D81D /* Sources */,
				C326817E1FB1EA4C00F6D81D /* Frameworks */,
				C326817F1FB1EA4C00F6D81D /* Resources */,
				33F311854A139A1208ADC886 /* [CP] Embed Pods Frameworks */,
				A825C8F366EC4571762593D0 /* [CP] Copy Pods Resources */,
			);
			buildRules = (
			);
			dependencies = (
				C32681831FB1EA4C00F6D81D /* PBXTargetDependency */,
			);
			name = NumberPlaceUITests;
			productName = NumberPlaceUITests;
			productReference = C32681811FB1EA4C00F6D81D /* NumberPlaceUITests.xctest */;
			productType = "com.apple.product-type.bundle.ui-testing";
		};
/* End PBXNativeTarget section */

/* Begin PBXProject section */
		C32681581FB1EA4C00F6D81D /* Project object */ = {
			isa = PBXProject;
			attributes = {
				LastSwiftUpdateCheck = 0910;
				LastUpgradeCheck = 0910;
				ORGANIZATIONNAME = "Hirono Momotaro";
				TargetAttributes = {
					C326815F1FB1EA4C00F6D81D = {
						CreatedOnToolsVersion = 9.1;
						ProvisioningStyle = Automatic;
					};
					C32681751FB1EA4C00F6D81D = {
						CreatedOnToolsVersion = 9.1;
						ProvisioningStyle = Automatic;
						TestTargetID = C326815F1FB1EA4C00F6D81D;
					};
					C32681801FB1EA4C00F6D81D = {
						CreatedOnToolsVersion = 9.1;
						ProvisioningStyle = Automatic;
						TestTargetID = C326815F1FB1EA4C00F6D81D;
					};
				};
			};
			buildConfigurationList = C326815B1FB1EA4C00F6D81D /* Build configuration list for PBXProject "NumberPlace" */;
			compatibilityVersion = "Xcode 8.0";
			developmentRegion = en;
			hasScannedForEncodings = 0;
			knownRegions = (
				en,
				Base,
			);
			mainGroup = C32681571FB1EA4C00F6D81D;
			productRefGroup = C32681611FB1EA4C00F6D81D /* Products */;
			projectDirPath = "";
			projectRoot = "";
			targets = (
				C326815F1FB1EA4C00F6D81D /* NumberPlace */,
				C32681751FB1EA4C00F6D81D /* NumberPlaceTests */,
				C32681801FB1EA4C00F6D81D /* NumberPlaceUITests */,
			);
		};
/* End PBXProject section */

/* Begin PBXResourcesBuildPhase section */
		C326815E1FB1EA4C00F6D81D /* Resources */ = {
			isa = PBXResourcesBuildPhase;
			buildActionMask = 2147483647;
			files = (
				C32681701FB1EA4C00F6D81D /* LaunchScreen.storyboard in Resources */,
				C326816D1FB1EA4C00F6D81D /* Assets.xcassets in Resources */,
				C326816B1FB1EA4C00F6D81D /* Main.storyboard in Resources */,
			);
			runOnlyForDeploymentPostprocessing = 0;
		};
		C32681741FB1EA4C00F6D81D /* Resources */ = {
			isa = PBXResourcesBuildPhase;
			buildActionMask = 2147483647;
			files = (
			);
			runOnlyForDeploymentPostprocessing = 0;
		};
		C326817F1FB1EA4C00F6D81D /* Resources */ = {
			isa = PBXResourcesBuildPhase;
			buildActionMask = 2147483647;
			files = (
			);
			runOnlyForDeploymentPostprocessing = 0;
		};
/* End PBXResourcesBuildPhase section */

/* Begin PBXShellScriptBuildPhase section */
		14E184D52910D325578E182C /* [CP] Check Pods Manifest.lock */ = {
			isa = PBXShellScriptBuildPhase;
			buildActionMask = 2147483647;
			files = (
			);
			inputPaths = (
				"${PODS_PODFILE_DIR_PATH}/Podfile.lock",
				"${PODS_ROOT}/Manifest.lock",
			);
			name = "[CP] Check Pods Manifest.lock";
			outputPaths = (
				"$(DERIVED_FILE_DIR)/Pods-NumberPlace-checkManifestLockResult.txt",
			);
			runOnlyForDeploymentPostprocessing = 0;
			shellPath = /bin/sh;
			shellScript = "diff \"${PODS_PODFILE_DIR_PATH}/Podfile.lock\" \"${PODS_ROOT}/Manifest.lock\" > /dev/null\nif [ $? != 0 ] ; then\n    # print error to STDERR\n    echo \"error: The sandbox is not in sync with the Podfile.lock. Run 'pod install' or update your CocoaPods installation.\" >&2\n    exit 1\nfi\n# This output is used by Xcode 'outputs' to avoid re-running this script phase.\necho \"SUCCESS\" > \"${SCRIPT_OUTPUT_FILE_0}\"\n";
			showEnvVarsInLog = 0;
		};
		33F311854A139A1208ADC886 /* [CP] Embed Pods Frameworks */ = {
			isa = PBXShellScriptBuildPhase;
			buildActionMask = 2147483647;
			files = (
			);
			inputPaths = (
			);
			name = "[CP] Embed Pods Frameworks";
			outputPaths = (
			);
			runOnlyForDeploymentPostprocessing = 0;
			shellPath = /bin/sh;
			shellScript = "\"${SRCROOT}/Pods/Target Support Files/Pods-NumberPlaceUITests/Pods-NumberPlaceUITests-frameworks.sh\"\n";
			showEnvVarsInLog = 0;
		};
		4B54139EAC39DD8511B9D58B /* [CP] Check Pods Manifest.lock */ = {
			isa = PBXShellScriptBuildPhase;
			buildActionMask = 2147483647;
			files = (
			);
			inputPaths = (
				"${PODS_PODFILE_DIR_PATH}/Podfile.lock",
				"${PODS_ROOT}/Manifest.lock",
			);
			name = "[CP] Check Pods Manifest.lock";
			outputPaths = (
				"$(DERIVED_FILE_DIR)/Pods-NumberPlaceTests-checkManifestLockResult.txt",
			);
			runOnlyForDeploymentPostprocessing = 0;
			shellPath = /bin/sh;
			shellScript = "diff \"${PODS_PODFILE_DIR_PATH}/Podfile.lock\" \"${PODS_ROOT}/Manifest.lock\" > /dev/null\nif [ $? != 0 ] ; then\n    # print error to STDERR\n    echo \"error: The sandbox is not in sync with the Podfile.lock. Run 'pod install' or update your CocoaPods installation.\" >&2\n    exit 1\nfi\n# This output is used by Xcode 'outputs' to avoid re-running this script phase.\necho \"SUCCESS\" > \"${SCRIPT_OUTPUT_FILE_0}\"\n";
			showEnvVarsInLog = 0;
		};
		916FD5585C696492045C37C3 /* [CP] Embed Pods Frameworks */ = {
			isa = PBXShellScriptBuildPhase;
			buildActionMask = 2147483647;
			files = (
			);
			inputPaths = (
			);
			name = "[CP] Embed Pods Frameworks";
			outputPaths = (
			);
			runOnlyForDeploymentPostprocessing = 0;
			shellPath = /bin/sh;
			shellScript = "\"${SRCROOT}/Pods/Target Support Files/Pods-NumberPlaceTests/Pods-NumberPlaceTests-frameworks.sh\"\n";
			showEnvVarsInLog = 0;
		};
		9D6735DDFB73E4CE8E257761 /* [CP] Copy Pods Resources */ = {
			isa = PBXShellScriptBuildPhase;
			buildActionMask = 2147483647;
			files = (
			);
			inputPaths = (
			);
			name = "[CP] Copy Pods Resources";
			outputPaths = (
			);
			runOnlyForDeploymentPostprocessing = 0;
			shellPath = /bin/sh;
			shellScript = "\"${SRCROOT}/Pods/Target Support Files/Pods-NumberPlaceTests/Pods-NumberPlaceTests-resources.sh\"\n";
			showEnvVarsInLog = 0;
		};
		A825C8F366EC4571762593D0 /* [CP] Copy Pods Resources */ = {
			isa = PBXShellScriptBuildPhase;
			buildActionMask = 2147483647;
			files = (
			);
			inputPaths = (
			);
			name = "[CP] Copy Pods Resources";
			outputPaths = (
			);
			runOnlyForDeploymentPostprocessing = 0;
			shellPath = /bin/sh;
			shellScript = "\"${SRCROOT}/Pods/Target Support Files/Pods-NumberPlaceUITests/Pods-NumberPlaceUITests-resources.sh\"\n";
			showEnvVarsInLog = 0;
		};
		D38336A8C6290E1B4C23BA5F /* [CP] Copy Pods Resources */ = {
			isa = PBXShellScriptBuildPhase;
			buildActionMask = 2147483647;
			files = (
			);
			inputPaths = (
			);
			name = "[CP] Copy Pods Resources";
			outputPaths = (
			);
			runOnlyForDeploymentPostprocessing = 0;
			shellPath = /bin/sh;
			shellScript = "\"${SRCROOT}/Pods/Target Support Files/Pods-NumberPlace/Pods-NumberPlace-resources.sh\"\n";
			showEnvVarsInLog = 0;
		};
		F6BA10E3322F897AC1A7DD49 /* [CP] Embed Pods Frameworks */ = {
			isa = PBXShellScriptBuildPhase;
			buildActionMask = 2147483647;
			files = (
			);
			inputPaths = (
				"${SRCROOT}/Pods/Target Support Files/Pods-NumberPlace/Pods-NumberPlace-frameworks.sh",
				"${BUILT_PRODUCTS_DIR}/KRActivityIndicatorView/KRActivityIndicatorView.framework",
				"${BUILT_PRODUCTS_DIR}/KRProgressHUD/KRProgressHUD.framework",
				"${BUILT_PRODUCTS_DIR}/SwiftR/SwiftR.framework",
				"${BUILT_PRODUCTS_DIR}/Unbox/Unbox.framework",
			);
			name = "[CP] Embed Pods Frameworks";
			outputPaths = (
				"${TARGET_BUILD_DIR}/${FRAMEWORKS_FOLDER_PATH}/KRActivityIndicatorView.framework",
				"${TARGET_BUILD_DIR}/${FRAMEWORKS_FOLDER_PATH}/KRProgressHUD.framework",
				"${TARGET_BUILD_DIR}/${FRAMEWORKS_FOLDER_PATH}/SwiftR.framework",
				"${TARGET_BUILD_DIR}/${FRAMEWORKS_FOLDER_PATH}/Unbox.framework",
			);
			runOnlyForDeploymentPostprocessing = 0;
			shellPath = /bin/sh;
			shellScript = "\"${SRCROOT}/Pods/Target Support Files/Pods-NumberPlace/Pods-NumberPlace-frameworks.sh\"\n";
			showEnvVarsInLog = 0;
		};
		FDADCEE233C8A64BC4F132DA /* [CP] Check Pods Manifest.lock */ = {
			isa = PBXShellScriptBuildPhase;
			buildActionMask = 2147483647;
			files = (
			);
			inputPaths = (
				"${PODS_PODFILE_DIR_PATH}/Podfile.lock",
				"${PODS_ROOT}/Manifest.lock",
			);
			name = "[CP] Check Pods Manifest.lock";
			outputPaths = (
				"$(DERIVED_FILE_DIR)/Pods-NumberPlaceUITests-checkManifestLockResult.txt",
			);
			runOnlyForDeploymentPostprocessing = 0;
			shellPath = /bin/sh;
			shellScript = "diff \"${PODS_PODFILE_DIR_PATH}/Podfile.lock\" \"${PODS_ROOT}/Manifest.lock\" > /dev/null\nif [ $? != 0 ] ; then\n    # print error to STDERR\n    echo \"error: The sandbox is not in sync with the Podfile.lock. Run 'pod install' or update your CocoaPods installation.\" >&2\n    exit 1\nfi\n# This output is used by Xcode 'outputs' to avoid re-running this script phase.\necho \"SUCCESS\" > \"${SCRIPT_OUTPUT_FILE_0}\"\n";
			showEnvVarsInLog = 0;
		};
/* End PBXShellScriptBuildPhase section */

/* Begin PBXSourcesBuildPhase section */
		C326815C1FB1EA4C00F6D81D /* Sources */ = {
			isa = PBXSourcesBuildPhase;
			buildActionMask = 2147483647;
			files = (
				C31A72E91FC6D85C00D0BBC5 /* URLSessionFacade.swift in Sources */,
				C31A72EB1FC6D8AC00D0BBC5 /* URLString.swift in Sources */,
				C31A72E61FC6CB7200D0BBC5 /* Momo.swift in Sources */,
				C31A72ED1FC6E90100D0BBC5 /* Nanpre.swift in Sources */,
				C32681951FB1F2B100F6D81D /* NumberCell.swift in Sources */,
				C32681681FB1EA4C00F6D81D /* DetailViewController.swift in Sources */,
				C33A11351FCAE3AE005C2A45 /* NanpreIndexCustomCell.swift in Sources */,
				C32681661FB1EA4C00F6D81D /* MasterViewController.swift in Sources */,
				C32681641FB1EA4C00F6D81D /* AppDelegate.swift in Sources */,
			);
			runOnlyForDeploymentPostprocessing = 0;
		};
		C32681721FB1EA4C00F6D81D /* Sources */ = {
			isa = PBXSourcesBuildPhase;
			buildActionMask = 2147483647;
			files = (
				C326817B1FB1EA4C00F6D81D /* NumberPlaceTests.swift in Sources */,
			);
			runOnlyForDeploymentPostprocessing = 0;
		};
		C326817D1FB1EA4C00F6D81D /* Sources */ = {
			isa = PBXSourcesBuildPhase;
			buildActionMask = 2147483647;
			files = (
				C32681861FB1EA4C00F6D81D /* NumberPlaceUITests.swift in Sources */,
			);
			runOnlyForDeploymentPostprocessing = 0;
		};
/* End PBXSourcesBuildPhase section */

/* Begin PBXTargetDependency section */
		C32681781FB1EA4C00F6D81D /* PBXTargetDependency */ = {
			isa = PBXTargetDependency;
			target = C326815F1FB1EA4C00F6D81D /* NumberPlace */;
			targetProxy = C32681771FB1EA4C00F6D81D /* PBXContainerItemProxy */;
		};
		C32681831FB1EA4C00F6D81D /* PBXTargetDependency */ = {
			isa = PBXTargetDependency;
			target = C326815F1FB1EA4C00F6D81D /* NumberPlace */;
			targetProxy = C32681821FB1EA4C00F6D81D /* PBXContainerItemProxy */;
		};
/* End PBXTargetDependency section */

/* Begin PBXVariantGroup section */
		C32681691FB1EA4C00F6D81D /* Main.storyboard */ = {
			isa = PBXVariantGroup;
			children = (
				C326816A1FB1EA4C00F6D81D /* Base */,
			);
			name = Main.storyboard;
			sourceTree = "<group>";
		};
		C326816E1FB1EA4C00F6D81D /* LaunchScreen.storyboard */ = {
			isa = PBXVariantGroup;
			children = (
				C326816F1FB1EA4C00F6D81D /* Base */,
			);
			name = LaunchScreen.storyboard;
			sourceTree = "<group>";
		};
/* End PBXVariantGroup section */

/* Begin XCBuildConfiguration section */
		C32681881FB1EA4C00F6D81D /* Debug */ = {
			isa = XCBuildConfiguration;
			buildSettings = {
				ALWAYS_SEARCH_USER_PATHS = NO;
				CLANG_ANALYZER_NONNULL = YES;
				CLANG_ANALYZER_NUMBER_OBJECT_CONVERSION = YES_AGGRESSIVE;
				CLANG_CXX_LANGUAGE_STANDARD = "gnu++14";
				CLANG_CXX_LIBRARY = "libc++";
				CLANG_ENABLE_MODULES = YES;
				CLANG_ENABLE_OBJC_ARC = YES;
				CLANG_WARN_BLOCK_CAPTURE_AUTORELEASING = YES;
				CLANG_WARN_BOOL_CONVERSION = YES;
				CLANG_WARN_COMMA = YES;
				CLANG_WARN_CONSTANT_CONVERSION = YES;
				CLANG_WARN_DIRECT_OBJC_ISA_USAGE = YES_ERROR;
				CLANG_WARN_DOCUMENTATION_COMMENTS = YES;
				CLANG_WARN_EMPTY_BODY = YES;
				CLANG_WARN_ENUM_CONVERSION = YES;
				CLANG_WARN_INFINITE_RECURSION = YES;
				CLANG_WARN_INT_CONVERSION = YES;
				CLANG_WARN_NON_LITERAL_NULL_CONVERSION = YES;
				CLANG_WARN_OBJC_LITERAL_CONVERSION = YES;
				CLANG_WARN_OBJC_ROOT_CLASS = YES_ERROR;
				CLANG_WARN_RANGE_LOOP_ANALYSIS = YES;
				CLANG_WARN_STRICT_PROTOTYPES = YES;
				CLANG_WARN_SUSPICIOUS_MOVE = YES;
				CLANG_WARN_UNGUARDED_AVAILABILITY = YES_AGGRESSIVE;
				CLANG_WARN_UNREACHABLE_CODE = YES;
				CLANG_WARN__DUPLICATE_METHOD_MATCH = YES;
				CODE_SIGN_IDENTITY = "iPhone Developer";
				COPY_PHASE_STRIP = NO;
				DEBUG_INFORMATION_FORMAT = dwarf;
				ENABLE_STRICT_OBJC_MSGSEND = YES;
				ENABLE_TESTABILITY = YES;
				GCC_C_LANGUAGE_STANDARD = gnu11;
				GCC_DYNAMIC_NO_PIC = NO;
				GCC_NO_COMMON_BLOCKS = YES;
				GCC_OPTIMIZATION_LEVEL = 0;
				GCC_PREPROCESSOR_DEFINITIONS = (
					"DEBUG=1",
					"$(inherited)",
				);
				GCC_WARN_64_TO_32_BIT_CONVERSION = YES;
				GCC_WARN_ABOUT_RETURN_TYPE = YES_ERROR;
				GCC_WARN_UNDECLARED_SELECTOR = YES;
				GCC_WARN_UNINITIALIZED_AUTOS = YES_AGGRESSIVE;
				GCC_WARN_UNUSED_FUNCTION = YES;
				GCC_WARN_UNUSED_VARIABLE = YES;
				IPHONEOS_DEPLOYMENT_TARGET = 11.1;
				MTL_ENABLE_DEBUG_INFO = YES;
				ONLY_ACTIVE_ARCH = YES;
				SDKROOT = iphoneos;
				SWIFT_ACTIVE_COMPILATION_CONDITIONS = DEBUG;
				SWIFT_OPTIMIZATION_LEVEL = "-Onone";
			};
			name = Debug;
		};
		C32681891FB1EA4C00F6D81D /* Release */ = {
			isa = XCBuildConfiguration;
			buildSettings = {
				ALWAYS_SEARCH_USER_PATHS = NO;
				CLANG_ANALYZER_NONNULL = YES;
				CLANG_ANALYZER_NUMBER_OBJECT_CONVERSION = YES_AGGRESSIVE;
				CLANG_CXX_LANGUAGE_STANDARD = "gnu++14";
				CLANG_CXX_LIBRARY = "libc++";
				CLANG_ENABLE_MODULES = YES;
				CLANG_ENABLE_OBJC_ARC = YES;
				CLANG_WARN_BLOCK_CAPTURE_AUTORELEASING = YES;
				CLANG_WARN_BOOL_CONVERSION = YES;
				CLANG_WARN_COMMA = YES;
				CLANG_WARN_CONSTANT_CONVERSION = YES;
				CLANG_WARN_DIRECT_OBJC_ISA_USAGE = YES_ERROR;
				CLANG_WARN_DOCUMENTATION_COMMENTS = YES;
				CLANG_WARN_EMPTY_BODY = YES;
				CLANG_WARN_ENUM_CONVERSION = YES;
				CLANG_WARN_INFINITE_RECURSION = YES;
				CLANG_WARN_INT_CONVERSION = YES;
				CLANG_WARN_NON_LITERAL_NULL_CONVERSION = YES;
				CLANG_WARN_OBJC_LITERAL_CONVERSION = YES;
				CLANG_WARN_OBJC_ROOT_CLASS = YES_ERROR;
				CLANG_WARN_RANGE_LOOP_ANALYSIS = YES;
				CLANG_WARN_STRICT_PROTOTYPES = YES;
				CLANG_WARN_SUSPICIOUS_MOVE = YES;
				CLANG_WARN_UNGUARDED_AVAILABILITY = YES_AGGRESSIVE;
				CLANG_WARN_UNREACHABLE_CODE = YES;
				CLANG_WARN__DUPLICATE_METHOD_MATCH = YES;
				CODE_SIGN_IDENTITY = "iPhone Developer";
				COPY_PHASE_STRIP = NO;
				DEBUG_INFORMATION_FORMAT = "dwarf-with-dsym";
				ENABLE_NS_ASSERTIONS = NO;
				ENABLE_STRICT_OBJC_MSGSEND = YES;
				GCC_C_LANGUAGE_STANDARD = gnu11;
				GCC_NO_COMMON_BLOCKS = YES;
				GCC_WARN_64_TO_32_BIT_CONVERSION = YES;
				GCC_WARN_ABOUT_RETURN_TYPE = YES_ERROR;
				GCC_WARN_UNDECLARED_SELECTOR = YES;
				GCC_WARN_UNINITIALIZED_AUTOS = YES_AGGRESSIVE;
				GCC_WARN_UNUSED_FUNCTION = YES;
				GCC_WARN_UNUSED_VARIABLE = YES;
				IPHONEOS_DEPLOYMENT_TARGET = 11.1;
				MTL_ENABLE_DEBUG_INFO = NO;
				SDKROOT = iphoneos;
				SWIFT_OPTIMIZATION_LEVEL = "-Owholemodule";
				VALIDATE_PRODUCT = YES;
			};
			name = Release;
		};
		C326818B1FB1EA4C00F6D81D /* Debug */ = {
			isa = XCBuildConfiguration;
			baseConfigurationReference = 5296AE03E26B495FF6CFC7B1 /* Pods-NumberPlace.debug.xcconfig */;
			buildSettings = {
				ASSETCATALOG_COMPILER_APPICON_NAME = AppIcon;
				CODE_SIGN_STYLE = Automatic;
				INFOPLIST_FILE = NumberPlace/Info.plist;
				LD_RUNPATH_SEARCH_PATHS = "$(inherited) @executable_path/Frameworks";
				PRODUCT_BUNDLE_IDENTIFIER = momo.NumberPlace;
				PRODUCT_NAME = "$(TARGET_NAME)";
				SWIFT_VERSION = 4.0;
				TARGETED_DEVICE_FAMILY = "1,2";
			};
			name = Debug;
		};
		C326818C1FB1EA4C00F6D81D /* Release */ = {
			isa = XCBuildConfiguration;
			baseConfigurationReference = A761A16015A983FD4EEF8188 /* Pods-NumberPlace.release.xcconfig */;
			buildSettings = {
				ASSETCATALOG_COMPILER_APPICON_NAME = AppIcon;
				CODE_SIGN_STYLE = Automatic;
				INFOPLIST_FILE = NumberPlace/Info.plist;
				LD_RUNPATH_SEARCH_PATHS = "$(inherited) @executable_path/Frameworks";
				PRODUCT_BUNDLE_IDENTIFIER = momo.NumberPlace;
				PRODUCT_NAME = "$(TARGET_NAME)";
				SWIFT_VERSION = 4.0;
				TARGETED_DEVICE_FAMILY = "1,2";
			};
			name = Release;
		};
		C326818E1FB1EA4C00F6D81D /* Debug */ = {
			isa = XCBuildConfiguration;
			baseConfigurationReference = 3E3442EE1B54B5F8E495AC8C /* Pods-NumberPlaceTests.debug.xcconfig */;
			buildSettings = {
				ALWAYS_EMBED_SWIFT_STANDARD_LIBRARIES = YES;
				BUNDLE_LOADER = "$(TEST_HOST)";
				CODE_SIGN_STYLE = Automatic;
				INFOPLIST_FILE = NumberPlaceTests/Info.plist;
				LD_RUNPATH_SEARCH_PATHS = "$(inherited) @executable_path/Frameworks @loader_path/Frameworks";
				PRODUCT_BUNDLE_IDENTIFIER = momo.NumberPlaceTests;
				PRODUCT_NAME = "$(TARGET_NAME)";
				SWIFT_VERSION = 4.0;
				TARGETED_DEVICE_FAMILY = "1,2";
				TEST_HOST = "$(BUILT_PRODUCTS_DIR)/NumberPlace.app/NumberPlace";
			};
			name = Debug;
		};
		C326818F1FB1EA4C00F6D81D /* Release */ = {
			isa = XCBuildConfiguration;
			baseConfigurationReference = FFE7238F8494E416AEE31056 /* Pods-NumberPlaceTests.release.xcconfig */;
			buildSettings = {
				ALWAYS_EMBED_SWIFT_STANDARD_LIBRARIES = YES;
				BUNDLE_LOADER = "$(TEST_HOST)";
				CODE_SIGN_STYLE = Automatic;
				INFOPLIST_FILE = NumberPlaceTests/Info.plist;
				LD_RUNPATH_SEARCH_PATHS = "$(inherited) @executable_path/Frameworks @loader_path/Frameworks";
				PRODUCT_BUNDLE_IDENTIFIER = momo.NumberPlaceTests;
				PRODUCT_NAME = "$(TARGET_NAME)";
				SWIFT_VERSION = 4.0;
				TARGETED_DEVICE_FAMILY = "1,2";
				TEST_HOST = "$(BUILT_PRODUCTS_DIR)/NumberPlace.app/NumberPlace";
			};
			name = Release;
		};
		C32681911FB1EA4C00F6D81D /* Debug */ = {
			isa = XCBuildConfiguration;
			baseConfigurationReference = 834DBD6113BDE1401FBE0B33 /* Pods-NumberPlaceUITests.debug.xcconfig */;
			buildSettings = {
				ALWAYS_EMBED_SWIFT_STANDARD_LIBRARIES = YES;
				CODE_SIGN_STYLE = Automatic;
				INFOPLIST_FILE = NumberPlaceUITests/Info.plist;
				LD_RUNPATH_SEARCH_PATHS = "$(inherited) @executable_path/Frameworks @loader_path/Frameworks";
				PRODUCT_BUNDLE_IDENTIFIER = momo.NumberPlaceUITests;
				PRODUCT_NAME = "$(TARGET_NAME)";
				SWIFT_VERSION = 4.0;
				TARGETED_DEVICE_FAMILY = "1,2";
				TEST_TARGET_NAME = NumberPlace;
			};
			name = Debug;
		};
		C32681921FB1EA4C00F6D81D /* Release */ = {
			isa = XCBuildConfiguration;
			baseConfigurationReference = 396D5B658A96CD3E33D3B332 /* Pods-NumberPlaceUITests.release.xcconfig */;
			buildSettings = {
				ALWAYS_EMBED_SWIFT_STANDARD_LIBRARIES = YES;
				CODE_SIGN_STYLE = Automatic;
				INFOPLIST_FILE = NumberPlaceUITests/Info.plist;
				LD_RUNPATH_SEARCH_PATHS = "$(inherited) @executable_path/Frameworks @loader_path/Frameworks";
				PRODUCT_BUNDLE_IDENTIFIER = momo.NumberPlaceUITests;
				PRODUCT_NAME = "$(TARGET_NAME)";
				SWIFT_VERSION = 4.0;
				TARGETED_DEVICE_FAMILY = "1,2";
				TEST_TARGET_NAME = NumberPlace;
			};
			name = Release;
		};
/* End XCBuildConfiguration section */

/* Begin XCConfigurationList section */
		C326815B1FB1EA4C00F6D81D /* Build configuration list for PBXProject "NumberPlace" */ = {
			isa = XCConfigurationList;
			buildConfigurations = (
				C32681881FB1EA4C00F6D81D /* Debug */,
				C32681891FB1EA4C00F6D81D /* Release */,
			);
			defaultConfigurationIsVisible = 0;
			defaultConfigurationName = Release;
		};
		C326818A1FB1EA4C00F6D81D /* Build configuration list for PBXNativeTarget "NumberPlace" */ = {
			isa = XCConfigurationList;
			buildConfigurations = (
				C326818B1FB1EA4C00F6D81D /* Debug */,
				C326818C1FB1EA4C00F6D81D /* Release */,
			);
			defaultConfigurationIsVisible = 0;
			defaultConfigurationName = Release;
		};
		C326818D1FB1EA4C00F6D81D /* Build configuration list for PBXNativeTarget "NumberPlaceTests" */ = {
			isa = XCConfigurationList;
			buildConfigurations = (
				C326818E1FB1EA4C00F6D81D /* Debug */,
				C326818F1FB1EA4C00F6D81D /* Release */,
			);
			defaultConfigurationIsVisible = 0;
			defaultConfigurationName = Release;
		};
		C32681901FB1EA4C00F6D81D /* Build configuration list for PBXNativeTarget "NumberPlaceUITests" */ = {
			isa = XCConfigurationList;
			buildConfigurations = (
				C32681911FB1EA4C00F6D81D /* Debug */,
				C32681921FB1EA4C00F6D81D /* Release */,
			);
			defaultConfigurationIsVisible = 0;
			defaultConfigurationName = Release;
		};
/* End XCConfigurationList section */
	};
	rootObject = C32681581FB1EA4C00F6D81D /* Project object */;
}
